{
  "name": "flightsim",
  "version": "1.0.0",
  "lockfileVersion": 3,
  "requires": true,
  "packages": {
    "": {
      "name": "flightsim",
      "version": "1.0.0",
      "license": "ISC",
      "dependencies": {
        "babylonjs": "^6.34.1"
      }
    },
    "node_modules/babylonjs": {
      "version": "6.34.1",
      "resolved": "https://registry.npmjs.org/babylonjs/-/babylonjs-6.34.1.tgz",
      "integrity": "sha512-DpZGgZAa1FnUBtcKW6CdHwMUqDNWgFrWRDI55AcShohI/jMvzYbBX9WKXYfrN37ptBhu5cWi1LGJY7/IT7B51w==",
      "hasInstallScript": true
    }
  }
}
